
Microsoft Visual Studio Solution File, Format Version 12.00
# Visual Studio 15
VisualStudioVersion = 15.0.28307.1231
MinimumVisualStudioVersion = 10.0.40219.1
Project("{FAE04EC0-301F-11D3-BF4B-00C04F79EFBC}") = "BelajarCRUDWPF", "BelajarCRUDWPF\BelajarCRUDWPF.csproj", "{B6190BE2-67C9-4307-BBED-97265A148A68}"
EndProject
Global
	GlobalSection(SolutionConfigurationPlatforms) = preSolution
		Debug|Any CPU = Debug|Any CPU
		Release|Any CPU = Release|Any CPU
	EndGlobalSection
	GlobalSection(ProjectConfigurationPlatforms) = postSolution
		{B6190BE2-67C9-4307-BBED-97265A148A68}.Debug|Any CPU.ActiveCfg = Debug|Any CPU
		{B6190BE2-67C9-4307-BBED-97265A148A68}.Debug|Any CPU.Build.0 = Debug|Any CPU
		{B6190BE2-67C9-4307-BBED-97265A148A68}.Release|Any CPU.ActiveCfg = Release|Any CPU
		{B6190BE2-67C9-4307-BBED-97265A148A68}.Release|Any CPU.Build.0 = Release|Any CPU
	EndGlobalSection
	GlobalSection(SolutionProperties) = preSolution
		HideSolutionNode = FALSE
	EndGlobalSection
	GlobalSection(ExtensibilityGlobals) = postSolution
		SolutionGuid = {1615B4ED-8684-411E-A22A-5BEF6DE52CD6}
	EndGlobalSection
EndGlobal
